
Microsoft Visual Studio Solution File, Format Version 12.00
# Visual Studio Version 17
VisualStudioVersion = 17.4.33403.182
MinimumVisualStudioVersion = 10.0.40219.1
Project("{FAE04EC0-301F-11D3-BF4B-00C04F79EFBC}") = "LeapYear", "LeapYear\LeapYear.csproj", "{FB9C4848-0210-43AB-AB2A-0E1F2D091845}"
EndProject
Global
	GlobalSection(SolutionConfigurationPlatforms) = preSolution
		Debug|Any CPU = Debug|Any CPU
		Release|Any CPU = Release|Any CPU
	EndGlobalSection
	GlobalSection(ProjectConfigurationPlatforms) = postSolution
		{FB9C4848-0210-43AB-AB2A-0E1F2D091845}.Debug|Any CPU.ActiveCfg = Debug|Any CPU
		{FB9C4848-0210-43AB-AB2A-0E1F2D091845}.Debug|Any CPU.Build.0 = Debug|Any CPU
		{FB9C4848-0210-43AB-AB2A-0E1F2D091845}.Release|Any CPU.ActiveCfg = Release|Any CPU
		{FB9C4848-0210-43AB-AB2A-0E1F2D091845}.Release|Any CPU.Build.0 = Release|Any CPU
	EndGlobalSection
	GlobalSection(SolutionProperties) = preSolution
		HideSolutionNode = FALSE
	EndGlobalSection
	GlobalSection(ExtensibilityGlobals) = postSolution
		SolutionGuid = {FFE7A2B7-BF00-472E-95ED-64FDE753F283}
	EndGlobalSection
EndGlobal
